
Microsoft Visual Studio Solution File, Format Version 12.00
# Visual Studio 15
VisualStudioVersion = 15.0.28307.168
MinimumVisualStudioVersion = 10.0.40219.1
Project("{9A19103F-16F7-4668-BE54-9A1E7A4F7556}") = "P02_BlackBoxInteger", "P02_BlackBoxInteger.csproj", "{BC82E8D1-AB6E-4E0C-BADA-138113A2392F}"
EndProject
Global
	GlobalSection(SolutionConfigurationPlatforms) = preSolution
		Debug|Any CPU = Debug|Any CPU
		Release|Any CPU = Release|Any CPU
	EndGlobalSection
	GlobalSection(ProjectConfigurationPlatforms) = postSolution
		{BC82E8D1-AB6E-4E0C-BADA-138113A2392F}.Debug|Any CPU.ActiveCfg = Debug|Any CPU
		{BC82E8D1-AB6E-4E0C-BADA-138113A2392F}.Debug|Any CPU.Build.0 = Debug|Any CPU
		{BC82E8D1-AB6E-4E0C-BADA-138113A2392F}.Release|Any CPU.ActiveCfg = Release|Any CPU
		{BC82E8D1-AB6E-4E0C-BADA-138113A2392F}.Release|Any CPU.Build.0 = Release|Any CPU
	EndGlobalSection
	GlobalSection(SolutionProperties) = preSolution
		HideSolutionNode = FALSE
	EndGlobalSection
	GlobalSection(ExtensibilityGlobals) = postSolution
		SolutionGuid = {08155D4C-DAD9-4E5B-844C-90A5B7AE08A9}
	EndGlobalSection
EndGlobal
