
Microsoft Visual Studio Solution File, Format Version 12.00
# Visual Studio 15
VisualStudioVersion = 15.0.28307.168
MinimumVisualStudioVersion = 10.0.40219.1
Project("{9A19103F-16F7-4668-BE54-9A1E7A4F7556}") = "Heroes", "Heroes.csproj", "{FAE9D2D1-BBFA-416E-ADAD-C41572393495}"
EndProject
Global
	GlobalSection(SolutionConfigurationPlatforms) = preSolution
		Debug|Any CPU = Debug|Any CPU
		Release|Any CPU = Release|Any CPU
	EndGlobalSection
	GlobalSection(ProjectConfigurationPlatforms) = postSolution
		{FAE9D2D1-BBFA-416E-ADAD-C41572393495}.Debug|Any CPU.ActiveCfg = Debug|Any CPU
		{FAE9D2D1-BBFA-416E-ADAD-C41572393495}.Debug|Any CPU.Build.0 = Debug|Any CPU
		{FAE9D2D1-BBFA-416E-ADAD-C41572393495}.Release|Any CPU.ActiveCfg = Release|Any CPU
		{FAE9D2D1-BBFA-416E-ADAD-C41572393495}.Release|Any CPU.Build.0 = Release|Any CPU
	EndGlobalSection
	GlobalSection(SolutionProperties) = preSolution
		HideSolutionNode = FALSE
	EndGlobalSection
	GlobalSection(ExtensibilityGlobals) = postSolution
		SolutionGuid = {21C17AB1-292E-4604-B8FE-BE3A4915ABC4}
	EndGlobalSection
EndGlobal
