
Microsoft Visual Studio Solution File, Format Version 12.00
# Visual Studio Version 16
VisualStudioVersion = 16.0.29509.3
MinimumVisualStudioVersion = 10.0.40219.1
Project("{FAE04EC0-301F-11D3-BF4B-00C04F79EFBC}") = "CompositePattern", "CompositePattern\CompositePattern.csproj", "{22C32794-2699-47D3-B1BA-B66867988D84}"
EndProject
Project("{FAE04EC0-301F-11D3-BF4B-00C04F79EFBC}") = "TemplatePattern", "TemplatePattern\TemplatePattern.csproj", "{089B849F-90A1-4757-9985-600C22764EE2}"
EndProject
Project("{FAE04EC0-301F-11D3-BF4B-00C04F79EFBC}") = "PrototypePattern", "PrototypePattern\PrototypePattern.csproj", "{5F606BD7-C57E-4F17-89FB-FFF1F3689D59}"
EndProject
Global
	GlobalSection(SolutionConfigurationPlatforms) = preSolution
		Debug|Any CPU = Debug|Any CPU
		Release|Any CPU = Release|Any CPU
	EndGlobalSection
	GlobalSection(ProjectConfigurationPlatforms) = postSolution
		{22C32794-2699-47D3-B1BA-B66867988D84}.Debug|Any CPU.ActiveCfg = Debug|Any CPU
		{22C32794-2699-47D3-B1BA-B66867988D84}.Debug|Any CPU.Build.0 = Debug|Any CPU
		{22C32794-2699-47D3-B1BA-B66867988D84}.Release|Any CPU.ActiveCfg = Release|Any CPU
		{22C32794-2699-47D3-B1BA-B66867988D84}.Release|Any CPU.Build.0 = Release|Any CPU
		{089B849F-90A1-4757-9985-600C22764EE2}.Debug|Any CPU.ActiveCfg = Debug|Any CPU
		{089B849F-90A1-4757-9985-600C22764EE2}.Debug|Any CPU.Build.0 = Debug|Any CPU
		{089B849F-90A1-4757-9985-600C22764EE2}.Release|Any CPU.ActiveCfg = Release|Any CPU
		{089B849F-90A1-4757-9985-600C22764EE2}.Release|Any CPU.Build.0 = Release|Any CPU
		{5F606BD7-C57E-4F17-89FB-FFF1F3689D59}.Debug|Any CPU.ActiveCfg = Debug|Any CPU
		{5F606BD7-C57E-4F17-89FB-FFF1F3689D59}.Debug|Any CPU.Build.0 = Debug|Any CPU
		{5F606BD7-C57E-4F17-89FB-FFF1F3689D59}.Release|Any CPU.ActiveCfg = Release|Any CPU
		{5F606BD7-C57E-4F17-89FB-FFF1F3689D59}.Release|Any CPU.Build.0 = Release|Any CPU
	EndGlobalSection
	GlobalSection(SolutionProperties) = preSolution
		HideSolutionNode = FALSE
	EndGlobalSection
	GlobalSection(ExtensibilityGlobals) = postSolution
		SolutionGuid = {BD424A21-AB10-42F2-92E8-0DFF665C2CA9}
	EndGlobalSection
EndGlobal
