
Microsoft Visual Studio Solution File, Format Version 12.00
# Visual Studio 15
VisualStudioVersion = 15.0.28307.168
MinimumVisualStudioVersion = 10.0.40219.1
Project("{9A19103F-16F7-4668-BE54-9A1E7A4F7556}") = "P03_BarraksWars", "P03_BarraksWars.csproj", "{5474145F-E25B-4D83-B3EF-D88B04C3B155}"
EndProject
Global
	GlobalSection(SolutionConfigurationPlatforms) = preSolution
		Debug|Any CPU = Debug|Any CPU
		Release|Any CPU = Release|Any CPU
	EndGlobalSection
	GlobalSection(ProjectConfigurationPlatforms) = postSolution
		{5474145F-E25B-4D83-B3EF-D88B04C3B155}.Debug|Any CPU.ActiveCfg = Debug|Any CPU
		{5474145F-E25B-4D83-B3EF-D88B04C3B155}.Debug|Any CPU.Build.0 = Debug|Any CPU
		{5474145F-E25B-4D83-B3EF-D88B04C3B155}.Release|Any CPU.ActiveCfg = Release|Any CPU
		{5474145F-E25B-4D83-B3EF-D88B04C3B155}.Release|Any CPU.Build.0 = Release|Any CPU
	EndGlobalSection
	GlobalSection(SolutionProperties) = preSolution
		HideSolutionNode = FALSE
	EndGlobalSection
	GlobalSection(ExtensibilityGlobals) = postSolution
		SolutionGuid = {93681932-D820-4F20-971F-8380F959EB93}
	EndGlobalSection
EndGlobal
