
Microsoft Visual Studio Solution File, Format Version 12.00
# Visual Studio 15
VisualStudioVersion = 15.0.28307.168
MinimumVisualStudioVersion = 10.0.40219.1
Project("{FAE04EC0-301F-11D3-BF4B-00C04F79EFBC}") = "ExtendedDatabase", "ExtendedDatabase\ExtendedDatabase.csproj", "{7D317AA3-830D-47B4-8AD6-33240F85F335}"
EndProject
Project("{FAE04EC0-301F-11D3-BF4B-00C04F79EFBC}") = "ExtendedDbTests", "ExtendedDbTests\ExtendedDbTests.csproj", "{82407EED-564E-48AE-95D4-16E79A8C09F9}"
EndProject
Global
	GlobalSection(SolutionConfigurationPlatforms) = preSolution
		Debug|Any CPU = Debug|Any CPU
		Release|Any CPU = Release|Any CPU
	EndGlobalSection
	GlobalSection(ProjectConfigurationPlatforms) = postSolution
		{7D317AA3-830D-47B4-8AD6-33240F85F335}.Debug|Any CPU.ActiveCfg = Debug|Any CPU
		{7D317AA3-830D-47B4-8AD6-33240F85F335}.Debug|Any CPU.Build.0 = Debug|Any CPU
		{7D317AA3-830D-47B4-8AD6-33240F85F335}.Release|Any CPU.ActiveCfg = Release|Any CPU
		{7D317AA3-830D-47B4-8AD6-33240F85F335}.Release|Any CPU.Build.0 = Release|Any CPU
		{82407EED-564E-48AE-95D4-16E79A8C09F9}.Debug|Any CPU.ActiveCfg = Debug|Any CPU
		{82407EED-564E-48AE-95D4-16E79A8C09F9}.Debug|Any CPU.Build.0 = Debug|Any CPU
		{82407EED-564E-48AE-95D4-16E79A8C09F9}.Release|Any CPU.ActiveCfg = Release|Any CPU
		{82407EED-564E-48AE-95D4-16E79A8C09F9}.Release|Any CPU.Build.0 = Release|Any CPU
	EndGlobalSection
	GlobalSection(SolutionProperties) = preSolution
		HideSolutionNode = FALSE
	EndGlobalSection
	GlobalSection(ExtensibilityGlobals) = postSolution
		SolutionGuid = {1A63F640-E623-4683-9F92-52147710669B}
	EndGlobalSection
EndGlobal
